
Microsoft Visual Studio Solution File, Format Version 12.00
# Visual Studio 2012
Project("{FAE04EC0-301F-11D3-BF4B-00C04F79EFBC}") = "File_Server", "File_Server\File_Server.csproj", "{331B9EDD-6520-4DAD-81BE-A69F398DFF33}"
EndProject
Project("{FAE04EC0-301F-11D3-BF4B-00C04F79EFBC}") = "File_Client", "File_Client\File_Client.csproj", "{D4D3CDED-789F-43A2-872F-B11FA04B6457}"
EndProject
Global
	GlobalSection(SolutionConfigurationPlatforms) = preSolution
		Debug|x86 = Debug|x86
		Release|x86 = Release|x86
	EndGlobalSection
	GlobalSection(ProjectConfigurationPlatforms) = postSolution
		{331B9EDD-6520-4DAD-81BE-A69F398DFF33}.Debug|x86.ActiveCfg = Debug|x86
		{331B9EDD-6520-4DAD-81BE-A69F398DFF33}.Debug|x86.Build.0 = Debug|x86
		{331B9EDD-6520-4DAD-81BE-A69F398DFF33}.Release|x86.ActiveCfg = Release|x86
		{331B9EDD-6520-4DAD-81BE-A69F398DFF33}.Release|x86.Build.0 = Release|x86
		{D4D3CDED-789F-43A2-872F-B11FA04B6457}.Debug|x86.ActiveCfg = Debug|x86
		{D4D3CDED-789F-43A2-872F-B11FA04B6457}.Debug|x86.Build.0 = Debug|x86
		{D4D3CDED-789F-43A2-872F-B11FA04B6457}.Release|x86.ActiveCfg = Release|x86
		{D4D3CDED-789F-43A2-872F-B11FA04B6457}.Release|x86.Build.0 = Release|x86
	EndGlobalSection
EndGlobal
